{
    "_meta": {
        "hash": {
            "sha256": "22ae07bdd202f6b847d240b88ea4ac0bbb325e29fd5745cf6a4479702fb4715f"
        },
        "pipfile-spec": 6,
        "requires": {
            "python_version": "3.11"
        },
        "sources": [
            {
                "name": "pypi",
                "url": "https://pypi.org/simple",
                "verify_ssl": true
            }
        ]
    },
    "default": {
        "asgiref": {
            "hashes": [
                "sha256:89b2ef2247e3b562a16eef663bc0e2e703ec6468e2fa8a5cd61cd449786d4f6e",
                "sha256:9e0ce3aa93a819ba5b45120216b23878cf6e8525eb3848653452b4192b92afed"
            ],
            "markers": "python_version >= '3.7'",
            "version": "==3.7.2"
        },
        "beautifulsoup4": {
            "hashes": [
                "sha256:492bbc69dca35d12daac71c4db1bfff0c876c00ef4a2ffacce226d4638eb72da",
                "sha256:bd2520ca0d9d7d12694a53d44ac482d181b4ec1888909b035a3dbf40d0f57d4a"
            ],
            "markers": "python_full_version >= '3.6.0'",
            "version": "==4.12.2"
        },
        "crispy-bootstrap4": {
            "hashes": [
                "sha256:5241ab1dc2188c95560aa786439bcbedec7416e6b0f5a52dded82380810367ec",
                "sha256:f18386c4d96180c1bb1212487d6e8f5a3dd1a9bb58d3032183973d4d130b55f9"
            ],
            "index": "pypi",
            "version": "==2022.1"
        },
        "django": {
            "hashes": [
                "sha256:7e4225ec065e0f354ccf7349a22d209de09cc1c074832be9eb84c51c1799c432",
                "sha256:860ae6a138a238fc4f22c99b52f3ead982bb4b1aad8c0122bcd8c8a3a02e409d"
            ],
            "index": "pypi",
            "version": "==4.2.4"
        },
        "django-autoslug": {
            "hashes": [
                "sha256:79f88e9433c1c88d8d3f2bec60d65ca98bffaff6c072b78aa5fd99d0e84a13dd",
                "sha256:81cb018944498f27f439d439687cf902212cafbdb8c74c8ca0307543a3d82907"
            ],
            "index": "pypi",
            "version": "==1.9.9"
        },
        "django-ckeditor": {
            "hashes": [
                "sha256:0489f7a6ae93360d328f77cea17c04891103cbdfa6c962af386bbe47e811671b",
                "sha256:73399fb8f56f565e7519b57adbd7c585623db2cdc8c75666f56918d3eecf7906"
            ],
            "index": "pypi",
            "version": "==6.7.0"
        },
        "django-crispy-forms": {
            "hashes": [
                "sha256:90193b068bf948d9c68449bc8260afed1a8e2afe11ee0bac8c4ebfaeb175b322",
                "sha256:d1d4e585929058a9ab3b797666ea5b69320b9ba7937f9d146d32173246a6fd13"
            ],
            "index": "pypi",
            "version": "==2.0"
        },
        "django-js-asset": {
            "hashes": [
                "sha256:36a3a4dd6e9efc895fb127d13126020f6ec1ec9469ad42878d42143f22495d90",
                "sha256:be6f69ae5c4865617aa7726c48eddb64089a1e7d4ea7d22a35a3beb8282020f6"
            ],
            "markers": "python_version >= '3.8'",
            "version": "==2.1.0"
        },
        "django-livereload": {
            "hashes": [
                "sha256:4e660863a2901cbda49bbc858f5a890791329453eb4743f2b57aa8a7cd35148e",
                "sha256:b64bb1fc8fa9a99c2386a180d5723bf18024c66174f7d33d5071b628ba029e83"
            ],
            "index": "pypi",
            "version": "==1.7"
        },
        "soupsieve": {
            "hashes": [
                "sha256:1c1bfee6819544a3447586c889157365a27e10d88cde3ad3da0cf0ddf646feb8",
                "sha256:89d12b2d5dfcd2c9e8c22326da9d9aa9cb3dfab0a83a024f05704076ee8d35ea"
            ],
            "markers": "python_version >= '3.7'",
            "version": "==2.4.1"
        },
        "sqlparse": {
            "hashes": [
                "sha256:5430a4fe2ac7d0f93e66f1efc6e1338a41884b7ddf2a350cedd20ccc4d9d28f3",
                "sha256:d446183e84b8349fa3061f0fe7f06ca94ba65b426946ffebe6e3e8295332420c"
            ],
            "markers": "python_version >= '3.5'",
            "version": "==0.4.4"
        }
    },
    "develop": {}
}
